{
	"name": "@gimmejs/number",
	"version": "0.2.0",
	"lockfileVersion": 1,
	"requires": true,
	"dependencies": {
		"gimmejs-error": {
			"version": "0.0.1",
			"resolved": "https://registry.npmjs.org/gimmejs-error/-/gimmejs-error-0.0.1.tgz",
			"integrity": "sha1-HZKZh3eHBsykZExYCEBq+5ta+YQ="
		}
	}
}
